// !$*UTF8*$!
{
	archiveVersion = 1;
	classes = {
	};
	objectVersion = 50;
	objects = {

/* Begin PBXBuildFile section */
		3411D4EF2418892600E69903 /* mapViewController.swift in Sources */ = {isa = PBXBuildFile; fileRef = 3411D4EE2418892600E69903 /* mapViewController.swift */; };
		3425891A2419117F00E21A4F /* konaimapViewController.swift in Sources */ = {isa = PBXBuildFile; fileRef = 342589192419117F00E21A4F /* konaimapViewController.swift */; };
		343DD9832416061200914617 /* HRViewController.swift in Sources */ = {isa = PBXBuildFile; fileRef = 343DD9822416061200914617 /* HRViewController.swift */; };
		343DD985241606D300914617 /* Custom_HR_TableViewCell.swift in Sources */ = {isa = PBXBuildFile; fileRef = 343DD984241606D300914617 /* Custom_HR_TableViewCell.swift */; };
		343DD987241607F500914617 /* HR_image.xcassets in Resources */ = {isa = PBXBuildFile; fileRef = 343DD986241607F500914617 /* HR_image.xcassets */; };
		34598013241B9E0C007D8F96 /* Map.xcassets in Resources */ = {isa = PBXBuildFile; fileRef = 34598012241B9E0C007D8F96 /* Map.xcassets */; };
		345B7E92241761C800146D6D /* HomeViewController.swift in Sources */ = {isa = PBXBuildFile; fileRef = 345B7E91241761C800146D6D /* HomeViewController.swift */; };
		3492EDC0241E25B60083570A /* HR_info_ViewController.swift in Sources */ = {isa = PBXBuildFile; fileRef = 3492EDBF241E25B60083570A /* HR_info_ViewController.swift */; };
		3495FF20241635E100FD6F76 /* Questionnaire.storyboard in Resources */ = {isa = PBXBuildFile; fileRef = 3495FF1F241635E100FD6F76 /* Questionnaire.storyboard */; };
		3495FF232416420E00FD6F76 /* Custom_Volunteer_TableViewCell.swift in Sources */ = {isa = PBXBuildFile; fileRef = 3495FF222416420E00FD6F76 /* Custom_Volunteer_TableViewCell.swift */; };
		3495FF25241642C200FD6F76 /* VolunteerViewController.swift in Sources */ = {isa = PBXBuildFile; fileRef = 3495FF24241642C200FD6F76 /* VolunteerViewController.swift */; };
		3495FF272416582300FD6F76 /* Volunteer.xcassets in Resources */ = {isa = PBXBuildFile; fileRef = 3495FF262416582300FD6F76 /* Volunteer.xcassets */; };
		34C124102414B86700216F2F /* AppDelegate.swift in Sources */ = {isa = PBXBuildFile; fileRef = 34C1240F2414B86700216F2F /* AppDelegate.swift */; };
		34C124122414B86700216F2F /* SceneDelegate.swift in Sources */ = {isa = PBXBuildFile; fileRef = 34C124112414B86700216F2F /* SceneDelegate.swift */; };
		34C124192414B86A00216F2F /* Assets.xcassets in Resources */ = {isa = PBXBuildFile; fileRef = 34C124182414B86A00216F2F /* Assets.xcassets */; };
		34DD1410241A164200A15B18 /* MapKit.framework in Frameworks */ = {isa = PBXBuildFile; fileRef = 34DD140F241A164200A15B18 /* MapKit.framework */; };
		34F59E2F2415CCFA006C0B3B /* LaunchScreen.storyboard in Resources */ = {isa = PBXBuildFile; fileRef = 34F59E2E2415CCFA006C0B3B /* LaunchScreen.storyboard */; };
		34F59E312415CD30006C0B3B /* Home.storyboard in Resources */ = {isa = PBXBuildFile; fileRef = 34F59E302415CD30006C0B3B /* Home.storyboard */; };
		34F59E3E2415D379006C0B3B /* HR.storyboard in Resources */ = {isa = PBXBuildFile; fileRef = 34F59E3D2415D379006C0B3B /* HR.storyboard */; };
		34F59E402415D390006C0B3B /* Volunteer.storyboard in Resources */ = {isa = PBXBuildFile; fileRef = 34F59E3F2415D390006C0B3B /* Volunteer.storyboard */; };
		34F59E422415D3A1006C0B3B /* Introduction.storyboard in Resources */ = {isa = PBXBuildFile; fileRef = 34F59E412415D3A1006C0B3B /* Introduction.storyboard */; };
		34F59E442415D3B0006C0B3B /* Advertisement.storyboard in Resources */ = {isa = PBXBuildFile; fileRef = 34F59E432415D3B0006C0B3B /* Advertisement.storyboard */; };
		34F59E462415D3E9006C0B3B /* Other.storyboard in Resources */ = {isa = PBXBuildFile; fileRef = 34F59E452415D3E9006C0B3B /* Other.storyboard */; };
		34F59E482415D3FE006C0B3B /* Map.storyboard in Resources */ = {isa = PBXBuildFile; fileRef = 34F59E472415D3FE006C0B3B /* Map.storyboard */; };
		34F59E4A2415D409006C0B3B /* Timetable.storyboard in Resources */ = {isa = PBXBuildFile; fileRef = 34F59E492415D409006C0B3B /* Timetable.storyboard */; };
		34F59E4C2415D41A006C0B3B /* Waiittime.storyboard in Resources */ = {isa = PBXBuildFile; fileRef = 34F59E4B2415D41A006C0B3B /* Waiittime.storyboard */; };
		34F93794241FA15E00A8E526 /* HRinfo_set_ViewController.swift in Sources */ = {isa = PBXBuildFile; fileRef = 34F93793241FA15E00A8E526 /* HRinfo_set_ViewController.swift */; };
/* End PBXBuildFile section */

/* Begin PBXFileReference section */
		3411D4EE2418892600E69903 /* mapViewController.swift */ = {isa = PBXFileReference; lastKnownFileType = sourcecode.swift; path = mapViewController.swift; sourceTree = "<group>"; };
		342589192419117F00E21A4F /* konaimapViewController.swift */ = {isa = PBXFileReference; lastKnownFileType = sourcecode.swift; path = konaimapViewController.swift; sourceTree = "<group>"; };
		343DD9822416061200914617 /* HRViewController.swift */ = {isa = PBXFileReference; lastKnownFileType = sourcecode.swift; path = HRViewController.swift; sourceTree = "<group>"; };
		343DD984241606D300914617 /* Custom_HR_TableViewCell.swift */ = {isa = PBXFileReference; lastKnownFileType = sourcecode.swift; path = Custom_HR_TableViewCell.swift; sourceTree = "<group>"; };
		343DD986241607F500914617 /* HR_image.xcassets */ = {isa = PBXFileReference; lastKnownFileType = folder.assetcatalog; path = HR_image.xcassets; sourceTree = "<group>"; };
		34598012241B9E0C007D8F96 /* Map.xcassets */ = {isa = PBXFileReference; lastKnownFileType = folder.assetcatalog; path = Map.xcassets; sourceTree = "<group>"; };
		345B7E91241761C800146D6D /* HomeViewController.swift */ = {isa = PBXFileReference; lastKnownFileType = sourcecode.swift; path = HomeViewController.swift; sourceTree = "<group>"; };
		3492EDBF241E25B60083570A /* HR_info_ViewController.swift */ = {isa = PBXFileReference; lastKnownFileType = sourcecode.swift; name = HR_info_ViewController.swift; path = kokosai_72/Controllers/HR/HR_info_ViewController.swift; sourceTree = SOURCE_ROOT; };
		3495FF1F241635E100FD6F76 /* Questionnaire.storyboard */ = {isa = PBXFileReference; lastKnownFileType = file.storyboard; path = Questionnaire.storyboard; sourceTree = "<group>"; };
		3495FF222416420E00FD6F76 /* Custom_Volunteer_TableViewCell.swift */ = {isa = PBXFileReference; lastKnownFileType = sourcecode.swift; name = Custom_Volunteer_TableViewCell.swift; path = kokosai_72/Controllers/Volunteer/Custom_Volunteer_TableViewCell.swift; sourceTree = SOURCE_ROOT; };
		3495FF24241642C200FD6F76 /* VolunteerViewController.swift */ = {isa = PBXFileReference; lastKnownFileType = sourcecode.swift; path = VolunteerViewController.swift; sourceTree = "<group>"; };
		3495FF262416582300FD6F76 /* Volunteer.xcassets */ = {isa = PBXFileReference; lastKnownFileType = folder.assetcatalog; path = Volunteer.xcassets; sourceTree = "<group>"; };
		34C1240C2414B86700216F2F /* kokosai_72.app */ = {isa = PBXFileReference; explicitFileType = wrapper.application; includeInIndex = 0; path = kokosai_72.app; sourceTree = BUILT_PRODUCTS_DIR; };
		34C1240F2414B86700216F2F /* AppDelegate.swift */ = {isa = PBXFileReference; lastKnownFileType = sourcecode.swift; path = AppDelegate.swift; sourceTree = "<group>"; };
		34C124112414B86700216F2F /* SceneDelegate.swift */ = {isa = PBXFileReference; lastKnownFileType = sourcecode.swift; path = SceneDelegate.swift; sourceTree = "<group>"; };
		34C124182414B86A00216F2F /* Assets.xcassets */ = {isa = PBXFileReference; lastKnownFileType = folder.assetcatalog; path = Assets.xcassets; sourceTree = "<group>"; };
		34C1241D2414B86A00216F2F /* Info.plist */ = {isa = PBXFileReference; lastKnownFileType = text.plist.xml; path = Info.plist; sourceTree = "<group>"; };
		34DD140F241A164200A15B18 /* MapKit.framework */ = {isa = PBXFileReference; lastKnownFileType = wrapper.framework; name = MapKit.framework; path = System/Library/Frameworks/MapKit.framework; sourceTree = SDKROOT; };
		34F59E2E2415CCFA006C0B3B /* LaunchScreen.storyboard */ = {isa = PBXFileReference; lastKnownFileType = file.storyboard; path = LaunchScreen.storyboard; sourceTree = "<group>"; };
		34F59E302415CD30006C0B3B /* Home.storyboard */ = {isa = PBXFileReference; lastKnownFileType = file.storyboard; path = Home.storyboard; sourceTree = "<group>"; };
		34F59E3D2415D379006C0B3B /* HR.storyboard */ = {isa = PBXFileReference; lastKnownFileType = file.storyboard; path = HR.storyboard; sourceTree = "<group>"; };
		34F59E3F2415D390006C0B3B /* Volunteer.storyboard */ = {isa = PBXFileReference; lastKnownFileType = file.storyboard; path = Volunteer.storyboard; sourceTree = "<group>"; };
		34F59E412415D3A1006C0B3B /* Introduction.storyboard */ = {isa = PBXFileReference; lastKnownFileType = file.storyboard; path = Introduction.storyboard; sourceTree = "<group>"; };
		34F59E432415D3B0006C0B3B /* Advertisement.storyboard */ = {isa = PBXFileReference; lastKnownFileType = file.storyboard; path = Advertisement.storyboard; sourceTree = "<group>"; };
		34F59E452415D3E9006C0B3B /* Other.storyboard */ = {isa = PBXFileReference; lastKnownFileType = file.storyboard; path = Other.storyboard; sourceTree = "<group>"; };
		34F59E472415D3FE006C0B3B /* Map.storyboard */ = {isa = PBXFileReference; lastKnownFileType = file.storyboard; path = Map.storyboard; sourceTree = "<group>"; };
		34F59E492415D409006C0B3B /* Timetable.storyboard */ = {isa = PBXFileReference; lastKnownFileType = file.storyboard; path = Timetable.storyboard; sourceTree = "<group>"; };
		34F59E4B2415D41A006C0B3B /* Waiittime.storyboard */ = {isa = PBXFileReference; lastKnownFileType = file.storyboard; path = Waiittime.storyboard; sourceTree = "<group>"; };
		34F93793241FA15E00A8E526 /* HRinfo_set_ViewController.swift */ = {isa = PBXFileReference; lastKnownFileType = sourcecode.swift; path = HRinfo_set_ViewController.swift; sourceTree = "<group>"; };
/* End PBXFileReference section */

/* Begin PBXFrameworksBuildPhase section */
		34C124092414B86700216F2F /* Frameworks */ = {
			isa = PBXFrameworksBuildPhase;
			buildActionMask = 2147483647;
			files = (
				34DD1410241A164200A15B18 /* MapKit.framework in Frameworks */,
			);
			runOnlyForDeploymentPostprocessing = 0;
		};
/* End PBXFrameworksBuildPhase section */

/* Begin PBXGroup section */
		3495FF21241635E600FD6F76 /* Questionnaire */ = {
			isa = PBXGroup;
			children = (
				3495FF1F241635E100FD6F76 /* Questionnaire.storyboard */,
			);
			path = Questionnaire;
			sourceTree = "<group>";
		};
		34C124032414B86700216F2F = {
			isa = PBXGroup;
			children = (
				34C1240E2414B86700216F2F /* kokosai_72 */,
				34C1240D2414B86700216F2F /* Products */,
				34DD140E241A164200A15B18 /* Frameworks */,
			);
			sourceTree = "<group>";
		};
		34C1240D2414B86700216F2F /* Products */ = {
			isa = PBXGroup;
			children = (
				34C1240C2414B86700216F2F /* kokosai_72.app */,
			);
			name = Products;
			sourceTree = "<group>";
		};
		34C1240E2414B86700216F2F /* kokosai_72 */ = {
			isa = PBXGroup;
			children = (
				34C1240F2414B86700216F2F /* AppDelegate.swift */,
				34C124112414B86700216F2F /* SceneDelegate.swift */,
				34F59E322415CD42006C0B3B /* Controllers */,
				34C124182414B86A00216F2F /* Assets.xcassets */,
				34C1241D2414B86A00216F2F /* Info.plist */,
			);
			path = kokosai_72;
			sourceTree = "<group>";
		};
		34DD140E241A164200A15B18 /* Frameworks */ = {
			isa = PBXGroup;
			children = (
				34DD140F241A164200A15B18 /* MapKit.framework */,
			);
			name = Frameworks;
			sourceTree = "<group>";
		};
		34F59E322415CD42006C0B3B /* Controllers */ = {
			isa = PBXGroup;
			children = (
				34F59E342415D1C3006C0B3B /* Home */,
				34F59E352415D1DD006C0B3B /* HR */,
				34F59E362415D221006C0B3B /* Volunteer */,
				34F59E3C2415D2FF006C0B3B /* Introduction */,
				34F59E3A2415D25A006C0B3B /* Advertisement */,
				3495FF21241635E600FD6F76 /* Questionnaire */,
				34F59E3B2415D280006C0B3B /* Other */,
				34F59E372415D232006C0B3B /* Map */,
				34F59E382415D243006C0B3B /* Timetable */,
				34F59E392415D24D006C0B3B /* Waittime */,
				34F59E4D2415D42A006C0B3B /* LaunchScreen */,
			);
			path = Controllers;
			sourceTree = "<group>";
		};
		34F59E342415D1C3006C0B3B /* Home */ = {
			isa = PBXGroup;
			children = (
				34F59E302415CD30006C0B3B /* Home.storyboard */,
				345B7E91241761C800146D6D /* HomeViewController.swift */,
			);
			path = Home;
			sourceTree = "<group>";
		};
		34F59E352415D1DD006C0B3B /* HR */ = {
			isa = PBXGroup;
			children = (
				34F59E3D2415D379006C0B3B /* HR.storyboard */,
				34F93793241FA15E00A8E526 /* HRinfo_set_ViewController.swift */,
				343DD9822416061200914617 /* HRViewController.swift */,
				343DD984241606D300914617 /* Custom_HR_TableViewCell.swift */,
				3492EDBF241E25B60083570A /* HR_info_ViewController.swift */,
				343DD986241607F500914617 /* HR_image.xcassets */,
			);
			path = HR;
			sourceTree = "<group>";
		};
		34F59E362415D221006C0B3B /* Volunteer */ = {
			isa = PBXGroup;
			children = (
				34F59E3F2415D390006C0B3B /* Volunteer.storyboard */,
				3495FF24241642C200FD6F76 /* VolunteerViewController.swift */,
				3495FF222416420E00FD6F76 /* Custom_Volunteer_TableViewCell.swift */,
				3495FF262416582300FD6F76 /* Volunteer.xcassets */,
			);
			path = Volunteer;
			sourceTree = "<group>";
		};
		34F59E372415D232006C0B3B /* Map */ = {
			isa = PBXGroup;
			children = (
				34598012241B9E0C007D8F96 /* Map.xcassets */,
				34F59E472415D3FE006C0B3B /* Map.storyboard */,
				3411D4EE2418892600E69903 /* mapViewController.swift */,
				342589192419117F00E21A4F /* konaimapViewController.swift */,
			);
			path = Map;
			sourceTree = "<group>";
		};
		34F59E382415D243006C0B3B /* Timetable */ = {
			isa = PBXGroup;
			children = (
				34F59E492415D409006C0B3B /* Timetable.storyboard */,
			);
			path = Timetable;
			sourceTree = "<group>";
		};
		34F59E392415D24D006C0B3B /* Waittime */ = {
			isa = PBXGroup;
			children = (
				34F59E4B2415D41A006C0B3B /* Waiittime.storyboard */,
			);
			path = Waittime;
			sourceTree = "<group>";
		};
		34F59E3A2415D25A006C0B3B /* Advertisement */ = {
			isa = PBXGroup;
			children = (
				34F59E432415D3B0006C0B3B /* Advertisement.storyboard */,
			);
			path = Advertisement;
			sourceTree = "<group>";
		};
		34F59E3B2415D280006C0B3B /* Other */ = {
			isa = PBXGroup;
			children = (
				34F59E452415D3E9006C0B3B /* Other.storyboard */,
			);
			path = Other;
			sourceTree = "<group>";
		};
		34F59E3C2415D2FF006C0B3B /* Introduction */ = {
			isa = PBXGroup;
			children = (
				34F59E412415D3A1006C0B3B /* Introduction.storyboard */,
			);
			path = Introduction;
			sourceTree = "<group>";
		};
		34F59E4D2415D42A006C0B3B /* LaunchScreen */ = {
			isa = PBXGroup;
			children = (
				34F59E2E2415CCFA006C0B3B /* LaunchScreen.storyboard */,
			);
			path = LaunchScreen;
			sourceTree = "<group>";
		};
/* End PBXGroup section */

/* Begin PBXNativeTarget section */
		34C1240B2414B86700216F2F /* kokosai_72 */ = {
			isa = PBXNativeTarget;
			buildConfigurationList = 34C124202414B86A00216F2F /* Build configuration list for PBXNativeTarget "kokosai_72" */;
			buildPhases = (
				34C124082414B86700216F2F /* Sources */,
				34C124092414B86700216F2F /* Frameworks */,
				34C1240A2414B86700216F2F /* Resources */,
			);
			buildRules = (
			);
			dependencies = (
			);
			name = kokosai_72;
			productName = kokosai_72;
			productReference = 34C1240C2414B86700216F2F /* kokosai_72.app */;
			productType = "com.apple.product-type.application";
		};
/* End PBXNativeTarget section */

/* Begin PBXProject section */
		34C124042414B86700216F2F /* Project object */ = {
			isa = PBXProject;
			attributes = {
				LastSwiftUpdateCheck = 1130;
				LastUpgradeCheck = 1130;
				ORGANIZATIONNAME = "加藤海宇";
				TargetAttributes = {
					34C1240B2414B86700216F2F = {
						CreatedOnToolsVersion = 11.3.1;
					};
				};
			};
			buildConfigurationList = 34C124072414B86700216F2F /* Build configuration list for PBXProject "kokosai_72" */;
			compatibilityVersion = "Xcode 9.3";
			developmentRegion = en;
			hasScannedForEncodings = 0;
			knownRegions = (
				en,
				Base,
			);
			mainGroup = 34C124032414B86700216F2F;
			productRefGroup = 34C1240D2414B86700216F2F /* Products */;
			projectDirPath = "";
			projectRoot = "";
			targets = (
				34C1240B2414B86700216F2F /* kokosai_72 */,
			);
		};
/* End PBXProject section */

/* Begin PBXResourcesBuildPhase section */
		34C1240A2414B86700216F2F /* Resources */ = {
			isa = PBXResourcesBuildPhase;
			buildActionMask = 2147483647;
			files = (
				3495FF272416582300FD6F76 /* Volunteer.xcassets in Resources */,
				34F59E312415CD30006C0B3B /* Home.storyboard in Resources */,
				34F59E462415D3E9006C0B3B /* Other.storyboard in Resources */,
				34F59E482415D3FE006C0B3B /* Map.storyboard in Resources */,
				34C124192414B86A00216F2F /* Assets.xcassets in Resources */,
				34598013241B9E0C007D8F96 /* Map.xcassets in Resources */,
				34F59E422415D3A1006C0B3B /* Introduction.storyboard in Resources */,
				34F59E402415D390006C0B3B /* Volunteer.storyboard in Resources */,
				34F59E3E2415D379006C0B3B /* HR.storyboard in Resources */,
				34F59E4C2415D41A006C0B3B /* Waiittime.storyboard in Resources */,
				34F59E442415D3B0006C0B3B /* Advertisement.storyboard in Resources */,
				3495FF20241635E100FD6F76 /* Questionnaire.storyboard in Resources */,
				343DD987241607F500914617 /* HR_image.xcassets in Resources */,
				34F59E4A2415D409006C0B3B /* Timetable.storyboard in Resources */,
				34F59E2F2415CCFA006C0B3B /* LaunchScreen.storyboard in Resources */,
			);
			runOnlyForDeploymentPostprocessing = 0;
		};
/* End PBXResourcesBuildPhase section */

/* Begin PBXSourcesBuildPhase section */
		34C124082414B86700216F2F /* Sources */ = {
			isa = PBXSourcesBuildPhase;
			buildActionMask = 2147483647;
			files = (
				3492EDC0241E25B60083570A /* HR_info_ViewController.swift in Sources */,
				34C124102414B86700216F2F /* AppDelegate.swift in Sources */,
				3495FF25241642C200FD6F76 /* VolunteerViewController.swift in Sources */,
				3495FF232416420E00FD6F76 /* Custom_Volunteer_TableViewCell.swift in Sources */,
				343DD9832416061200914617 /* HRViewController.swift in Sources */,
				3425891A2419117F00E21A4F /* konaimapViewController.swift in Sources */,
				343DD985241606D300914617 /* Custom_HR_TableViewCell.swift in Sources */,
				34F93794241FA15E00A8E526 /* HRinfo_set_ViewController.swift in Sources */,
				345B7E92241761C800146D6D /* HomeViewController.swift in Sources */,
				34C124122414B86700216F2F /* SceneDelegate.swift in Sources */,
				3411D4EF2418892600E69903 /* mapViewController.swift in Sources */,
			);
			runOnlyForDeploymentPostprocessing = 0;
		};
/* End PBXSourcesBuildPhase section */

/* Begin XCBuildConfiguration section */
		34C1241E2414B86A00216F2F /* Debug */ = {
			isa = XCBuildConfiguration;
			buildSettings = {
				ALWAYS_SEARCH_USER_PATHS = NO;
				CLANG_ANALYZER_NONNULL = YES;
				CLANG_ANALYZER_NUMBER_OBJECT_CONVERSION = YES_AGGRESSIVE;
				CLANG_CXX_LANGUAGE_STANDARD = "gnu++14";
				CLANG_CXX_LIBRARY = "libc++";
				CLANG_ENABLE_MODULES = YES;
				CLANG_ENABLE_OBJC_ARC = YES;
				CLANG_ENABLE_OBJC_WEAK = YES;
				CLANG_WARN_BLOCK_CAPTURE_AUTORELEASING = YES;
				CLANG_WARN_BOOL_CONVERSION = YES;
				CLANG_WARN_COMMA = YES;
				CLANG_WARN_CONSTANT_CONVERSION = YES;
				CLANG_WARN_DEPRECATED_OBJC_IMPLEMENTATIONS = YES;
				CLANG_WARN_DIRECT_OBJC_ISA_USAGE = YES_ERROR;
				CLANG_WARN_DOCUMENTATION_COMMENTS = YES;
				CLANG_WARN_EMPTY_BODY = YES;
				CLANG_WARN_ENUM_CONVERSION = YES;
				CLANG_WARN_INFINITE_RECURSION = YES;
				CLANG_WARN_INT_CONVERSION = YES;
				CLANG_WARN_NON_LITERAL_NULL_CONVERSION = YES;
				CLANG_WARN_OBJC_IMPLICIT_RETAIN_SELF = YES;
				CLANG_WARN_OBJC_LITERAL_CONVERSION = YES;
				CLANG_WARN_OBJC_ROOT_CLASS = YES_ERROR;
				CLANG_WARN_RANGE_LOOP_ANALYSIS = YES;
				CLANG_WARN_STRICT_PROTOTYPES = YES;
				CLANG_WARN_SUSPICIOUS_MOVE = YES;
				CLANG_WARN_UNGUARDED_AVAILABILITY = YES_AGGRESSIVE;
				CLANG_WARN_UNREACHABLE_CODE = YES;
				CLANG_WARN__DUPLICATE_METHOD_MATCH = YES;
				COPY_PHASE_STRIP = NO;
				DEBUG_INFORMATION_FORMAT = dwarf;
				ENABLE_STRICT_OBJC_MSGSEND = YES;
				ENABLE_TESTABILITY = YES;
				GCC_C_LANGUAGE_STANDARD = gnu11;
				GCC_DYNAMIC_NO_PIC = NO;
				GCC_NO_COMMON_BLOCKS = YES;
				GCC_OPTIMIZATION_LEVEL = 0;
				GCC_PREPROCESSOR_DEFINITIONS = (
					"DEBUG=1",
					"$(inherited)",
				);
				GCC_WARN_64_TO_32_BIT_CONVERSION = YES;
				GCC_WARN_ABOUT_RETURN_TYPE = YES_ERROR;
				GCC_WARN_UNDECLARED_SELECTOR = YES;
				GCC_WARN_UNINITIALIZED_AUTOS = YES_AGGRESSIVE;
				GCC_WARN_UNUSED_FUNCTION = YES;
				GCC_WARN_UNUSED_VARIABLE = YES;
				IPHONEOS_DEPLOYMENT_TARGET = 13.2;
				MTL_ENABLE_DEBUG_INFO = INCLUDE_SOURCE;
				MTL_FAST_MATH = YES;
				ONLY_ACTIVE_ARCH = YES;
				SDKROOT = iphoneos;
				SWIFT_ACTIVE_COMPILATION_CONDITIONS = DEBUG;
				SWIFT_OPTIMIZATION_LEVEL = "-Onone";
			};
			name = Debug;
		};
		34C1241F2414B86A00216F2F /* Release */ = {
			isa = XCBuildConfiguration;
			buildSettings = {
				ALWAYS_SEARCH_USER_PATHS = NO;
				CLANG_ANALYZER_NONNULL = YES;
				CLANG_ANALYZER_NUMBER_OBJECT_CONVERSION = YES_AGGRESSIVE;
				CLANG_CXX_LANGUAGE_STANDARD = "gnu++14";
				CLANG_CXX_LIBRARY = "libc++";
				CLANG_ENABLE_MODULES = YES;
				CLANG_ENABLE_OBJC_ARC = YES;
				CLANG_ENABLE_OBJC_WEAK = YES;
				CLANG_WARN_BLOCK_CAPTURE_AUTORELEASING = YES;
				CLANG_WARN_BOOL_CONVERSION = YES;
				CLANG_WARN_COMMA = YES;
				CLANG_WARN_CONSTANT_CONVERSION = YES;
				CLANG_WARN_DEPRECATED_OBJC_IMPLEMENTATIONS = YES;
				CLANG_WARN_DIRECT_OBJC_ISA_USAGE = YES_ERROR;
				CLANG_WARN_DOCUMENTATION_COMMENTS = YES;
				CLANG_WARN_EMPTY_BODY = YES;
				CLANG_WARN_ENUM_CONVERSION = YES;
				CLANG_WARN_INFINITE_RECURSION = YES;
				CLANG_WARN_INT_CONVERSION = YES;
				CLANG_WARN_NON_LITERAL_NULL_CONVERSION = YES;
				CLANG_WARN_OBJC_IMPLICIT_RETAIN_SELF = YES;
				CLANG_WARN_OBJC_LITERAL_CONVERSION = YES;
				CLANG_WARN_OBJC_ROOT_CLASS = YES_ERROR;
				CLANG_WARN_RANGE_LOOP_ANALYSIS = YES;
				CLANG_WARN_STRICT_PROTOTYPES = YES;
				CLANG_WARN_SUSPICIOUS_MOVE = YES;
				CLANG_WARN_UNGUARDED_AVAILABILITY = YES_AGGRESSIVE;
				CLANG_WARN_UNREACHABLE_CODE = YES;
				CLANG_WARN__DUPLICATE_METHOD_MATCH = YES;
				COPY_PHASE_STRIP = NO;
				DEBUG_INFORMATION_FORMAT = "dwarf-with-dsym";
				ENABLE_NS_ASSERTIONS = NO;
				ENABLE_STRICT_OBJC_MSGSEND = YES;
				GCC_C_LANGUAGE_STANDARD = gnu11;
				GCC_NO_COMMON_BLOCKS = YES;
				GCC_WARN_64_TO_32_BIT_CONVERSION = YES;
				GCC_WARN_ABOUT_RETURN_TYPE = YES_ERROR;
				GCC_WARN_UNDECLARED_SELECTOR = YES;
				GCC_WARN_UNINITIALIZED_AUTOS = YES_AGGRESSIVE;
				GCC_WARN_UNUSED_FUNCTION = YES;
				GCC_WARN_UNUSED_VARIABLE = YES;
				IPHONEOS_DEPLOYMENT_TARGET = 13.2;
				MTL_ENABLE_DEBUG_INFO = NO;
				MTL_FAST_MATH = YES;
				SDKROOT = iphoneos;
				SWIFT_COMPILATION_MODE = wholemodule;
				SWIFT_OPTIMIZATION_LEVEL = "-O";
				VALIDATE_PRODUCT = YES;
			};
			name = Release;
		};
		34C124212414B86A00216F2F /* Debug */ = {
			isa = XCBuildConfiguration;
			buildSettings = {
				ASSETCATALOG_COMPILER_APPICON_NAME = AppIcon;
				CODE_SIGN_STYLE = Automatic;
				DEVELOPMENT_TEAM = 86D2C39QSM;
				INFOPLIST_FILE = kokosai_72/Info.plist;
				LD_RUNPATH_SEARCH_PATHS = (
					"$(inherited)",
					"@executable_path/Frameworks",
				);
				PRODUCT_BUNDLE_IDENTIFIER = "asahi.kokosai-72";
				PRODUCT_NAME = "$(TARGET_NAME)";
				SWIFT_VERSION = 5.0;
				TARGETED_DEVICE_FAMILY = "1,2";
			};
			name = Debug;
		};
		34C124222414B86A00216F2F /* Release */ = {
			isa = XCBuildConfiguration;
			buildSettings = {
				ASSETCATALOG_COMPILER_APPICON_NAME = AppIcon;
				CODE_SIGN_STYLE = Automatic;
				DEVELOPMENT_TEAM = 86D2C39QSM;
				INFOPLIST_FILE = kokosai_72/Info.plist;
				LD_RUNPATH_SEARCH_PATHS = (
					"$(inherited)",
					"@executable_path/Frameworks",
				);
				PRODUCT_BUNDLE_IDENTIFIER = "asahi.kokosai-72";
				PRODUCT_NAME = "$(TARGET_NAME)";
				SWIFT_VERSION = 5.0;
				TARGETED_DEVICE_FAMILY = "1,2";
			};
			name = Release;
		};
/* End XCBuildConfiguration section */

/* Begin XCConfigurationList section */
		34C124072414B86700216F2F /* Build configuration list for PBXProject "kokosai_72" */ = {
			isa = XCConfigurationList;
			buildConfigurations = (
				34C1241E2414B86A00216F2F /* Debug */,
				34C1241F2414B86A00216F2F /* Release */,
			);
			defaultConfigurationIsVisible = 0;
			defaultConfigurationName = Release;
		};
		34C124202414B86A00216F2F /* Build configuration list for PBXNativeTarget "kokosai_72" */ = {
			isa = XCConfigurationList;
			buildConfigurations = (
				34C124212414B86A00216F2F /* Debug */,
				34C124222414B86A00216F2F /* Release */,
			);
			defaultConfigurationIsVisible = 0;
			defaultConfigurationName = Release;
		};
/* End XCConfigurationList section */
	};
	rootObject = 34C124042414B86700216F2F /* Project object */;
}
